
Microsoft Visual Studio Solution File, Format Version 12.00
# Visual Studio Version 17
VisualStudioVersion = 17.7.34202.233
MinimumVisualStudioVersion = 10.0.40219.1
Project("{FAE04EC0-301F-11D3-BF4B-00C04F79EFBC}") = "HDS Auto Report", "HDS Auto Report\HDS Auto Report.csproj", "{ACA8D56A-3EFA-4A1B-9D5F-7EDE5DB39300}"
EndProject
Global
	GlobalSection(SolutionConfigurationPlatforms) = preSolution
		Debug|Any CPU = Debug|Any CPU
		Release|Any CPU = Release|Any CPU
	EndGlobalSection
	GlobalSection(ProjectConfigurationPlatforms) = postSolution
		{ACA8D56A-3EFA-4A1B-9D5F-7EDE5DB39300}.Debug|Any CPU.ActiveCfg = Debug|Any CPU
		{ACA8D56A-3EFA-4A1B-9D5F-7EDE5DB39300}.Debug|Any CPU.Build.0 = Debug|Any CPU
		{ACA8D56A-3EFA-4A1B-9D5F-7EDE5DB39300}.Release|Any CPU.ActiveCfg = Release|Any CPU
		{ACA8D56A-3EFA-4A1B-9D5F-7EDE5DB39300}.Release|Any CPU.Build.0 = Release|Any CPU
	EndGlobalSection
	GlobalSection(SolutionProperties) = preSolution
		HideSolutionNode = FALSE
	EndGlobalSection
	GlobalSection(ExtensibilityGlobals) = postSolution
		SolutionGuid = {F7EA5EE0-F616-459A-B296-D41BECDC9E87}
	EndGlobalSection
EndGlobal
